
Microsoft Visual Studio Solution File, Format Version 12.00
# Visual Studio Version 16
VisualStudioVersion = 16.0.32630.194
MinimumVisualStudioVersion = 10.0.40219.1
Project("{FAE04EC0-301F-11D3-BF4B-00C04F79EFBC}") = "zadanie64", "zadanie64\zadanie64.csproj", "{93B9DDBF-DAB9-4027-A2FD-4B12C3BE9DB2}"
EndProject
Global
	GlobalSection(SolutionConfigurationPlatforms) = preSolution
		Debug|Any CPU = Debug|Any CPU
		Release|Any CPU = Release|Any CPU
	EndGlobalSection
	GlobalSection(ProjectConfigurationPlatforms) = postSolution
		{93B9DDBF-DAB9-4027-A2FD-4B12C3BE9DB2}.Debug|Any CPU.ActiveCfg = Debug|Any CPU
		{93B9DDBF-DAB9-4027-A2FD-4B12C3BE9DB2}.Debug|Any CPU.Build.0 = Debug|Any CPU
		{93B9DDBF-DAB9-4027-A2FD-4B12C3BE9DB2}.Release|Any CPU.ActiveCfg = Release|Any CPU
		{93B9DDBF-DAB9-4027-A2FD-4B12C3BE9DB2}.Release|Any CPU.Build.0 = Release|Any CPU
	EndGlobalSection
	GlobalSection(SolutionProperties) = preSolution
		HideSolutionNode = FALSE
	EndGlobalSection
	GlobalSection(ExtensibilityGlobals) = postSolution
		SolutionGuid = {EB218BDD-5AF5-4821-BDD8-87033129F4C6}
	EndGlobalSection
EndGlobal
