
Microsoft Visual Studio Solution File, Format Version 12.00
# Visual Studio Version 17
VisualStudioVersion = 17.4.33213.308
MinimumVisualStudioVersion = 10.0.40219.1
Project("{FAE04EC0-301F-11D3-BF4B-00C04F79EFBC}") = "2124. Check if All A's Appears Before All B's", "2124. Check if All A's Appears Before All B's.csproj", "{3899DC4C-DA5F-496B-AA72-2D3A64711C2C}"
EndProject
Global
	GlobalSection(SolutionConfigurationPlatforms) = preSolution
		Debug|Any CPU = Debug|Any CPU
		Release|Any CPU = Release|Any CPU
	EndGlobalSection
	GlobalSection(ProjectConfigurationPlatforms) = postSolution
		{3899DC4C-DA5F-496B-AA72-2D3A64711C2C}.Debug|Any CPU.ActiveCfg = Debug|Any CPU
		{3899DC4C-DA5F-496B-AA72-2D3A64711C2C}.Debug|Any CPU.Build.0 = Debug|Any CPU
		{3899DC4C-DA5F-496B-AA72-2D3A64711C2C}.Release|Any CPU.ActiveCfg = Release|Any CPU
		{3899DC4C-DA5F-496B-AA72-2D3A64711C2C}.Release|Any CPU.Build.0 = Release|Any CPU
	EndGlobalSection
	GlobalSection(SolutionProperties) = preSolution
		HideSolutionNode = FALSE
	EndGlobalSection
	GlobalSection(ExtensibilityGlobals) = postSolution
		SolutionGuid = {58AAD3F8-6F70-487A-95AE-EFAC2980BBC1}
	EndGlobalSection
EndGlobal
