
Microsoft Visual Studio Solution File, Format Version 12.00
# Visual Studio Version 17
VisualStudioVersion = 17.4.33213.308
MinimumVisualStudioVersion = 10.0.40219.1
Project("{FAE04EC0-301F-11D3-BF4B-00C04F79EFBC}") = "704. Binary search", "704. Binary search.csproj", "{D1E8FE30-B7A2-42A8-9045-093B11BF258C}"
EndProject
Global
	GlobalSection(SolutionConfigurationPlatforms) = preSolution
		Debug|Any CPU = Debug|Any CPU
		Release|Any CPU = Release|Any CPU
	EndGlobalSection
	GlobalSection(ProjectConfigurationPlatforms) = postSolution
		{D1E8FE30-B7A2-42A8-9045-093B11BF258C}.Debug|Any CPU.ActiveCfg = Debug|Any CPU
		{D1E8FE30-B7A2-42A8-9045-093B11BF258C}.Debug|Any CPU.Build.0 = Debug|Any CPU
		{D1E8FE30-B7A2-42A8-9045-093B11BF258C}.Release|Any CPU.ActiveCfg = Release|Any CPU
		{D1E8FE30-B7A2-42A8-9045-093B11BF258C}.Release|Any CPU.Build.0 = Release|Any CPU
	EndGlobalSection
	GlobalSection(SolutionProperties) = preSolution
		HideSolutionNode = FALSE
	EndGlobalSection
	GlobalSection(ExtensibilityGlobals) = postSolution
		SolutionGuid = {9B2D1A1B-E229-49FE-B811-1F2809D33A06}
	EndGlobalSection
EndGlobal
