
Microsoft Visual Studio Solution File, Format Version 12.00
# Visual Studio Version 17
VisualStudioVersion = 17.4.33213.308
MinimumVisualStudioVersion = 10.0.40219.1
Project("{FAE04EC0-301F-11D3-BF4B-00C04F79EFBC}") = "21. Merge Two Sorted Lists", "21. Merge Two Sorted Lists.csproj", "{FEDF8F91-79B2-435C-9F56-C4B0EDB9E708}"
EndProject
Global
	GlobalSection(SolutionConfigurationPlatforms) = preSolution
		Debug|Any CPU = Debug|Any CPU
		Release|Any CPU = Release|Any CPU
	EndGlobalSection
	GlobalSection(ProjectConfigurationPlatforms) = postSolution
		{FEDF8F91-79B2-435C-9F56-C4B0EDB9E708}.Debug|Any CPU.ActiveCfg = Debug|Any CPU
		{FEDF8F91-79B2-435C-9F56-C4B0EDB9E708}.Debug|Any CPU.Build.0 = Debug|Any CPU
		{FEDF8F91-79B2-435C-9F56-C4B0EDB9E708}.Release|Any CPU.ActiveCfg = Release|Any CPU
		{FEDF8F91-79B2-435C-9F56-C4B0EDB9E708}.Release|Any CPU.Build.0 = Release|Any CPU
	EndGlobalSection
	GlobalSection(SolutionProperties) = preSolution
		HideSolutionNode = FALSE
	EndGlobalSection
	GlobalSection(ExtensibilityGlobals) = postSolution
		SolutionGuid = {AEEB6B1C-3061-4C58-8C5D-34B6651DC8E1}
	EndGlobalSection
EndGlobal
