
Microsoft Visual Studio Solution File, Format Version 12.00
# Visual Studio Version 17
VisualStudioVersion = 17.4.33213.308
MinimumVisualStudioVersion = 10.0.40219.1
Project("{FAE04EC0-301F-11D3-BF4B-00C04F79EFBC}") = "278. First Bad Version", "278. First Bad Version.csproj", "{087BBEA1-2C22-436C-9454-2EE51807D64B}"
EndProject
Global
	GlobalSection(SolutionConfigurationPlatforms) = preSolution
		Debug|Any CPU = Debug|Any CPU
		Release|Any CPU = Release|Any CPU
	EndGlobalSection
	GlobalSection(ProjectConfigurationPlatforms) = postSolution
		{087BBEA1-2C22-436C-9454-2EE51807D64B}.Debug|Any CPU.ActiveCfg = Debug|Any CPU
		{087BBEA1-2C22-436C-9454-2EE51807D64B}.Debug|Any CPU.Build.0 = Debug|Any CPU
		{087BBEA1-2C22-436C-9454-2EE51807D64B}.Release|Any CPU.ActiveCfg = Release|Any CPU
		{087BBEA1-2C22-436C-9454-2EE51807D64B}.Release|Any CPU.Build.0 = Release|Any CPU
	EndGlobalSection
	GlobalSection(SolutionProperties) = preSolution
		HideSolutionNode = FALSE
	EndGlobalSection
	GlobalSection(ExtensibilityGlobals) = postSolution
		SolutionGuid = {37001C50-738B-4FC4-8893-B2673F90F4A9}
	EndGlobalSection
EndGlobal
