
Microsoft Visual Studio Solution File, Format Version 12.00
# Visual Studio Version 17
VisualStudioVersion = 17.4.33213.308
MinimumVisualStudioVersion = 10.0.40219.1
Project("{FAE04EC0-301F-11D3-BF4B-00C04F79EFBC}") = "35. Search Insert Position", "35. Search Insert Position.csproj", "{0BE77518-85C3-4C4B-AE18-6087C4F1CE95}"
EndProject
Global
	GlobalSection(SolutionConfigurationPlatforms) = preSolution
		Debug|Any CPU = Debug|Any CPU
		Release|Any CPU = Release|Any CPU
	EndGlobalSection
	GlobalSection(ProjectConfigurationPlatforms) = postSolution
		{0BE77518-85C3-4C4B-AE18-6087C4F1CE95}.Debug|Any CPU.ActiveCfg = Debug|Any CPU
		{0BE77518-85C3-4C4B-AE18-6087C4F1CE95}.Debug|Any CPU.Build.0 = Debug|Any CPU
		{0BE77518-85C3-4C4B-AE18-6087C4F1CE95}.Release|Any CPU.ActiveCfg = Release|Any CPU
		{0BE77518-85C3-4C4B-AE18-6087C4F1CE95}.Release|Any CPU.Build.0 = Release|Any CPU
	EndGlobalSection
	GlobalSection(SolutionProperties) = preSolution
		HideSolutionNode = FALSE
	EndGlobalSection
	GlobalSection(ExtensibilityGlobals) = postSolution
		SolutionGuid = {2BC69584-3543-4BAF-B132-8A8CE856DEC9}
	EndGlobalSection
EndGlobal
