
Microsoft Visual Studio Solution File, Format Version 12.00
# Visual Studio Version 16
VisualStudioVersion = 16.0.32630.194
MinimumVisualStudioVersion = 10.0.40219.1
Project("{FAE04EC0-301F-11D3-BF4B-00C04F79EFBC}") = "zadanie45", "zadanie45\zadanie45.csproj", "{6EDE85E8-CBA5-43FA-B10B-7B86752BF83D}"
EndProject
Global
	GlobalSection(SolutionConfigurationPlatforms) = preSolution
		Debug|Any CPU = Debug|Any CPU
		Release|Any CPU = Release|Any CPU
	EndGlobalSection
	GlobalSection(ProjectConfigurationPlatforms) = postSolution
		{6EDE85E8-CBA5-43FA-B10B-7B86752BF83D}.Debug|Any CPU.ActiveCfg = Debug|Any CPU
		{6EDE85E8-CBA5-43FA-B10B-7B86752BF83D}.Debug|Any CPU.Build.0 = Debug|Any CPU
		{6EDE85E8-CBA5-43FA-B10B-7B86752BF83D}.Release|Any CPU.ActiveCfg = Release|Any CPU
		{6EDE85E8-CBA5-43FA-B10B-7B86752BF83D}.Release|Any CPU.Build.0 = Release|Any CPU
	EndGlobalSection
	GlobalSection(SolutionProperties) = preSolution
		HideSolutionNode = FALSE
	EndGlobalSection
	GlobalSection(ExtensibilityGlobals) = postSolution
		SolutionGuid = {987562F3-ADED-43E5-A6DF-6C939FEF3B15}
	EndGlobalSection
EndGlobal
