
Microsoft Visual Studio Solution File, Format Version 12.00
# Visual Studio Version 16
VisualStudioVersion = 16.0.32630.194
MinimumVisualStudioVersion = 10.0.40219.1
Project("{FAE04EC0-301F-11D3-BF4B-00C04F79EFBC}") = "zadanie42", "zadanie42\zadanie42.csproj", "{56B47096-E01C-4DC6-8514-40037B7235FC}"
EndProject
Global
	GlobalSection(SolutionConfigurationPlatforms) = preSolution
		Debug|Any CPU = Debug|Any CPU
		Release|Any CPU = Release|Any CPU
	EndGlobalSection
	GlobalSection(ProjectConfigurationPlatforms) = postSolution
		{56B47096-E01C-4DC6-8514-40037B7235FC}.Debug|Any CPU.ActiveCfg = Debug|Any CPU
		{56B47096-E01C-4DC6-8514-40037B7235FC}.Debug|Any CPU.Build.0 = Debug|Any CPU
		{56B47096-E01C-4DC6-8514-40037B7235FC}.Release|Any CPU.ActiveCfg = Release|Any CPU
		{56B47096-E01C-4DC6-8514-40037B7235FC}.Release|Any CPU.Build.0 = Release|Any CPU
	EndGlobalSection
	GlobalSection(SolutionProperties) = preSolution
		HideSolutionNode = FALSE
	EndGlobalSection
	GlobalSection(ExtensibilityGlobals) = postSolution
		SolutionGuid = {65034AED-F03D-4BE8-BB07-433F2A23435E}
	EndGlobalSection
EndGlobal
