
Microsoft Visual Studio Solution File, Format Version 12.00
# Visual Studio Version 17
VisualStudioVersion = 17.4.33213.308
MinimumVisualStudioVersion = 10.0.40219.1
Project("{FAE04EC0-301F-11D3-BF4B-00C04F79EFBC}") = "1. Two Sum", "1. Two Sum.csproj", "{2FBCD9EA-847F-4546-8209-92975783D42B}"
EndProject
Global
	GlobalSection(SolutionConfigurationPlatforms) = preSolution
		Debug|Any CPU = Debug|Any CPU
		Release|Any CPU = Release|Any CPU
	EndGlobalSection
	GlobalSection(ProjectConfigurationPlatforms) = postSolution
		{2FBCD9EA-847F-4546-8209-92975783D42B}.Debug|Any CPU.ActiveCfg = Debug|Any CPU
		{2FBCD9EA-847F-4546-8209-92975783D42B}.Debug|Any CPU.Build.0 = Debug|Any CPU
		{2FBCD9EA-847F-4546-8209-92975783D42B}.Release|Any CPU.ActiveCfg = Release|Any CPU
		{2FBCD9EA-847F-4546-8209-92975783D42B}.Release|Any CPU.Build.0 = Release|Any CPU
	EndGlobalSection
	GlobalSection(SolutionProperties) = preSolution
		HideSolutionNode = FALSE
	EndGlobalSection
	GlobalSection(ExtensibilityGlobals) = postSolution
		SolutionGuid = {22B46F01-B598-4B4C-84C2-BC49F25CCA05}
	EndGlobalSection
EndGlobal
