
Microsoft Visual Studio Solution File, Format Version 12.00
# Visual Studio Version 17
VisualStudioVersion = 17.4.33213.308
MinimumVisualStudioVersion = 10.0.40219.1
Project("{FAE04EC0-301F-11D3-BF4B-00C04F79EFBC}") = "203. Remove Linked List Elements", "203. Remove Linked List Elements.csproj", "{1133D745-A542-41E4-8BF5-215761DDAC38}"
EndProject
Global
	GlobalSection(SolutionConfigurationPlatforms) = preSolution
		Debug|Any CPU = Debug|Any CPU
		Release|Any CPU = Release|Any CPU
	EndGlobalSection
	GlobalSection(ProjectConfigurationPlatforms) = postSolution
		{1133D745-A542-41E4-8BF5-215761DDAC38}.Debug|Any CPU.ActiveCfg = Debug|Any CPU
		{1133D745-A542-41E4-8BF5-215761DDAC38}.Debug|Any CPU.Build.0 = Debug|Any CPU
		{1133D745-A542-41E4-8BF5-215761DDAC38}.Release|Any CPU.ActiveCfg = Release|Any CPU
		{1133D745-A542-41E4-8BF5-215761DDAC38}.Release|Any CPU.Build.0 = Release|Any CPU
	EndGlobalSection
	GlobalSection(SolutionProperties) = preSolution
		HideSolutionNode = FALSE
	EndGlobalSection
	GlobalSection(ExtensibilityGlobals) = postSolution
		SolutionGuid = {0369F761-112F-4492-8876-71B88A12A0DB}
	EndGlobalSection
EndGlobal
