
Microsoft Visual Studio Solution File, Format Version 12.00
# Visual Studio Version 16
VisualStudioVersion = 16.0.32630.194
MinimumVisualStudioVersion = 10.0.40219.1
Project("{FAE04EC0-301F-11D3-BF4B-00C04F79EFBC}") = "zadanie414", "zadanie414\zadanie414.csproj", "{A84915CC-4A5C-455C-BB1E-5FA6155F6B33}"
EndProject
Global
	GlobalSection(SolutionConfigurationPlatforms) = preSolution
		Debug|Any CPU = Debug|Any CPU
		Release|Any CPU = Release|Any CPU
	EndGlobalSection
	GlobalSection(ProjectConfigurationPlatforms) = postSolution
		{A84915CC-4A5C-455C-BB1E-5FA6155F6B33}.Debug|Any CPU.ActiveCfg = Debug|Any CPU
		{A84915CC-4A5C-455C-BB1E-5FA6155F6B33}.Debug|Any CPU.Build.0 = Debug|Any CPU
		{A84915CC-4A5C-455C-BB1E-5FA6155F6B33}.Release|Any CPU.ActiveCfg = Release|Any CPU
		{A84915CC-4A5C-455C-BB1E-5FA6155F6B33}.Release|Any CPU.Build.0 = Release|Any CPU
	EndGlobalSection
	GlobalSection(SolutionProperties) = preSolution
		HideSolutionNode = FALSE
	EndGlobalSection
	GlobalSection(ExtensibilityGlobals) = postSolution
		SolutionGuid = {776BF977-CDBE-41A3-BB9E-D180FA5B3B90}
	EndGlobalSection
EndGlobal
