
Microsoft Visual Studio Solution File, Format Version 12.00
# Visual Studio Version 16
VisualStudioVersion = 16.0.32630.194
MinimumVisualStudioVersion = 10.0.40219.1
Project("{FAE04EC0-301F-11D3-BF4B-00C04F79EFBC}") = "zadanie44", "zadanie44\zadanie44.csproj", "{E14EDD8F-93D3-4446-8197-0B1C3906CA3C}"
EndProject
Global
	GlobalSection(SolutionConfigurationPlatforms) = preSolution
		Debug|Any CPU = Debug|Any CPU
		Release|Any CPU = Release|Any CPU
	EndGlobalSection
	GlobalSection(ProjectConfigurationPlatforms) = postSolution
		{E14EDD8F-93D3-4446-8197-0B1C3906CA3C}.Debug|Any CPU.ActiveCfg = Debug|Any CPU
		{E14EDD8F-93D3-4446-8197-0B1C3906CA3C}.Debug|Any CPU.Build.0 = Debug|Any CPU
		{E14EDD8F-93D3-4446-8197-0B1C3906CA3C}.Release|Any CPU.ActiveCfg = Release|Any CPU
		{E14EDD8F-93D3-4446-8197-0B1C3906CA3C}.Release|Any CPU.Build.0 = Release|Any CPU
	EndGlobalSection
	GlobalSection(SolutionProperties) = preSolution
		HideSolutionNode = FALSE
	EndGlobalSection
	GlobalSection(ExtensibilityGlobals) = postSolution
		SolutionGuid = {D8A6CA18-B691-4AD5-82D9-64AE4D784617}
	EndGlobalSection
EndGlobal
